{
  "version": 4,
  "terraform_version": "1.10.5",
  "serial": 5,
  "lineage": "67b8d402-baee-b2c1-40fb-6b3bf7d65160",
  "outputs": {
    "castai_agent_status": {
      "value": "deployed",
      "type": "string"
    }
  },
  "resources": [
    {
      "mode": "data",
      "type": "external",
      "name": "wait_for_minikube",
      "provider": "provider[\"registry.terraform.io/hashicorp/external\"]",
      "instances": [
        {
          "schema_version": 0,
          "attributes": {
            "id": "-",
            "program": [
              "bash",
              "-c",
              "while ! kubectl get nodes \u003e/dev/null 2\u003e\u00261; do sleep 5; done; echo '{}'"
            ],
            "query": null,
            "result": {},
            "working_dir": null
          },
          "sensitive_attributes": []
        }
      ]
    },
    {
      "mode": "managed",
      "type": "helm_release",
      "name": "castai_agent",
      "provider": "provider[\"registry.terraform.io/hashicorp/helm\"]",
      "instances": [
        {
          "status": "tainted",
          "schema_version": 1,
          "attributes": {
            "atomic": false,
            "chart": "castai-agent",
            "cleanup_on_fail": false,
            "create_namespace": false,
            "dependency_update": false,
            "description": null,
            "devel": null,
            "disable_crd_hooks": false,
            "disable_openapi_validation": false,
            "disable_webhooks": false,
            "force_update": false,
            "id": "castai-agent",
            "keyring": null,
            "lint": false,
            "manifest": null,
            "max_history": 0,
            "metadata": [
              {
                "app_version": "v0.83.0",
                "chart": "castai-agent",
                "first_deployed": 1740859161,
                "last_deployed": 1740859161,
                "name": "castai-agent",
                "namespace": "castai-agent",
                "notes": "",
                "revision": 1,
                "values": "{\"apiKey\":\"cece9b3a81982494ada68b6f658b509f2010a1e147552c522def15b768f0aab0\",\"clusterName\":\"minikube-cluster\",\"provider\":\"anywhere\"}",
                "version": "0.97.0"
              }
            ],
            "name": "castai-agent",
            "namespace": "castai-agent",
            "pass_credentials": false,
            "postrender": [],
            "recreate_pods": false,
            "render_subchart_notes": true,
            "replace": false,
            "repository": "https://castai.github.io/helm-charts",
            "repository_ca_file": null,
            "repository_cert_file": null,
            "repository_key_file": null,
            "repository_password": null,
            "repository_username": null,
            "reset_values": false,
            "reuse_values": false,
            "set": [
              {
                "name": "apiKey",
                "type": "",
                "value": "cece9b3a81982494ada68b6f658b509f2010a1e147552c522def15b768f0aab0"
              },
              {
                "name": "clusterName",
                "type": "",
                "value": "minikube-cluster"
              },
              {
                "name": "provider",
                "type": "",
                "value": "anywhere"
              }
            ],
            "set_list": [],
            "set_sensitive": [],
            "skip_crds": false,
            "status": "failed",
            "timeout": 600,
            "upgrade_install": null,
            "values": null,
            "verify": false,
            "version": "0.97.0",
            "wait": true,
            "wait_for_jobs": false
          },
          "sensitive_attributes": [
            [
              {
                "type": "get_attr",
                "value": "repository_password"
              }
            ]
          ],
          "private": "eyJzY2hlbWFfdmVyc2lvbiI6IjEifQ==",
          "dependencies": [
            "data.external.wait_for_minikube",
            "kubernetes_namespace.castai",
            "null_resource.start_minikube"
          ]
        }
      ]
    },
    {
      "mode": "managed",
      "type": "kubernetes_namespace",
      "name": "castai",
      "provider": "provider[\"registry.terraform.io/hashicorp/kubernetes\"]",
      "instances": [
        {
          "schema_version": 0,
          "attributes": {
            "id": "castai-agent",
            "metadata": [
              {
                "annotations": {
                  "meta.helm.sh/release-name": "castai-agent",
                  "meta.helm.sh/release-namespace": "castai-agent"
                },
                "generate_name": "",
                "generation": 0,
                "labels": {
                  "app.kubernetes.io/managed-by": "Helm"
                },
                "name": "castai-agent",
                "resource_version": "13325",
                "uid": "1b5d7225-c758-4826-9647-e485ce1cfeec"
              }
            ],
            "timeouts": null,
            "wait_for_default_service_account": false
          },
          "sensitive_attributes": [],
          "private": "eyJlMmJmYjczMC1lY2FhLTExZTYtOGY4OC0zNDM2M2JjN2M0YzAiOnsiZGVsZXRlIjozMDAwMDAwMDAwMDB9fQ==",
          "dependencies": [
            "data.external.wait_for_minikube",
            "null_resource.start_minikube"
          ]
        }
      ]
    },
    {
      "mode": "managed",
      "type": "null_resource",
      "name": "start_minikube",
      "provider": "provider[\"registry.terraform.io/hashicorp/null\"]",
      "instances": [
        {
          "schema_version": 0,
          "attributes": {
            "id": "8268318840026852802",
            "triggers": null
          },
          "sensitive_attributes": []
        }
      ]
    }
  ],
  "check_results": null
}
